
Microsoft Visual Studio Solution File, Format Version 12.00
# Visual Studio Version 17
VisualStudioVersion = 17.13.35931.197 d17.13
MinimumVisualStudioVersion = 10.0.40219.1
Project("{FAE04EC0-301F-11D3-BF4B-00C04F79EFBC}") = "ProcessInspector", "ProcessInspector\ProcessInspector.csproj", "{EC7E2DF5-AF60-4103-85C1-694244AC2302}"
EndProject
Global
	GlobalSection(SolutionConfigurationPlatforms) = preSolution
		Debug|Any CPU = Debug|Any CPU
		Release|Any CPU = Release|Any CPU
	EndGlobalSection
	GlobalSection(ProjectConfigurationPlatforms) = postSolution
		{EC7E2DF5-AF60-4103-85C1-694244AC2302}.Debug|Any CPU.ActiveCfg = Debug|Any CPU
		{EC7E2DF5-AF60-4103-85C1-694244AC2302}.Debug|Any CPU.Build.0 = Debug|Any CPU
		{EC7E2DF5-AF60-4103-85C1-694244AC2302}.Release|Any CPU.ActiveCfg = Release|Any CPU
		{EC7E2DF5-AF60-4103-85C1-694244AC2302}.Release|Any CPU.Build.0 = Release|Any CPU
	EndGlobalSection
	GlobalSection(SolutionProperties) = preSolution
		HideSolutionNode = FALSE
	EndGlobalSection
	GlobalSection(ExtensibilityGlobals) = postSolution
		SolutionGuid = {1351AB18-167E-4043-B3D6-F5097930897C}
	EndGlobalSection
EndGlobal
